
Microsoft Visual Studio Solution File, Format Version 12.00
# Visual Studio 15
VisualStudioVersion = 15.0.27703.2035
MinimumVisualStudioVersion = 10.0.40219.1
Project("{FAE04EC0-301F-11D3-BF4B-00C04F79EFBC}") = "WhatsApp", "WhatsApp\WhatsApp.csproj", "{7703841E-58BA-478D-9D04-F154210FF428}"
EndProject
Global
	GlobalSection(SolutionConfigurationPlatforms) = preSolution
		Debug|Any CPU = Debug|Any CPU
		Release|Any CPU = Release|Any CPU
	EndGlobalSection
	GlobalSection(ProjectConfigurationPlatforms) = postSolution
		{7703841E-58BA-478D-9D04-F154210FF428}.Debug|Any CPU.ActiveCfg = Debug|Any CPU
		{7703841E-58BA-478D-9D04-F154210FF428}.Debug|Any CPU.Build.0 = Debug|Any CPU
		{7703841E-58BA-478D-9D04-F154210FF428}.Release|Any CPU.ActiveCfg = Release|Any CPU
		{7703841E-58BA-478D-9D04-F154210FF428}.Release|Any CPU.Build.0 = Release|Any CPU
	EndGlobalSection
	GlobalSection(SolutionProperties) = preSolution
		HideSolutionNode = FALSE
	EndGlobalSection
	GlobalSection(ExtensibilityGlobals) = postSolution
		SolutionGuid = {B4875668-EA0B-4D3D-8DB4-4714D56E6942}
	EndGlobalSection
EndGlobal
