
Microsoft Visual Studio Solution File, Format Version 12.00
# Visual Studio 15
VisualStudioVersion = 15.0.27703.2035
MinimumVisualStudioVersion = 10.0.40219.1
Project("{FAE04EC0-301F-11D3-BF4B-00C04F79EFBC}") = "MoveShape", "MoveShape\MoveShape.csproj", "{29B768B2-325D-4A9C-ADCF-3486BBFF4CFF}"
EndProject
Global
	GlobalSection(SolutionConfigurationPlatforms) = preSolution
		Debug|Any CPU = Debug|Any CPU
		Release|Any CPU = Release|Any CPU
	EndGlobalSection
	GlobalSection(ProjectConfigurationPlatforms) = postSolution
		{29B768B2-325D-4A9C-ADCF-3486BBFF4CFF}.Debug|Any CPU.ActiveCfg = Debug|Any CPU
		{29B768B2-325D-4A9C-ADCF-3486BBFF4CFF}.Debug|Any CPU.Build.0 = Debug|Any CPU
		{29B768B2-325D-4A9C-ADCF-3486BBFF4CFF}.Release|Any CPU.ActiveCfg = Release|Any CPU
		{29B768B2-325D-4A9C-ADCF-3486BBFF4CFF}.Release|Any CPU.Build.0 = Release|Any CPU
	EndGlobalSection
	GlobalSection(SolutionProperties) = preSolution
		HideSolutionNode = FALSE
	EndGlobalSection
	GlobalSection(ExtensibilityGlobals) = postSolution
		SolutionGuid = {0B4B0F34-A1C3-4200-95BC-5F7D3BFCC52F}
	EndGlobalSection
EndGlobal
